github.com/hugomods/decap-cms v0.14.2 h1:Ycucbqiv4fifbJSMZD1mVvqG9A1/SCT5T0jpz4sdC/k=
github.com/hugomods/decap-cms v0.14.2/go.mod h1:P9gUtk59PZYBCNVIqiovRPqI13WiKkutMtJl2YQLkMA=
github.com/hugomods/hugopress v0.2.3 h1:tbQlJkGcou1KQJOeCN7E3oK8ZREFZoP3kSHcM/Kz718=
github.com/hugomods/hugopress v0.2.3/go.mod h1:CRYvr60xOkZOf4Atkuj+uEj2EH5pjJ39Ws3aJAkoMkA=
github.com/privatemaker/headless-cms v0.1.0 h1:BnxRpI1AFpMLyzKajEv/PZtxHSv4YYxt1OpDp/30x0c=
github.com/privatemaker/headless-cms v0.1.0/go.mod h1:ZcHkPZzL9yCsBdmn9FpoIW35snTyj1bDOfqT0ZFJoZE=
